
Microsoft Visual Studio Solution File, Format Version 11.00
# Visual C++ Express 2010
Project("{8BC9CEB8-8B4A-11D0-8D11-00A0C91BC942}") = "task12", "task12\task12.vcxproj", "{B23E25BB-78D5-4660-B1C7-9E2DB0773A0C}"
EndProject
Global
	GlobalSection(SolutionConfigurationPlatforms) = preSolution
		Debug|Win32 = Debug|Win32
		Release|Win32 = Release|Win32
	EndGlobalSection
	GlobalSection(ProjectConfigurationPlatforms) = postSolution
		{B23E25BB-78D5-4660-B1C7-9E2DB0773A0C}.Debug|Win32.ActiveCfg = Debug|Win32
		{B23E25BB-78D5-4660-B1C7-9E2DB0773A0C}.Debug|Win32.Build.0 = Debug|Win32
		{B23E25BB-78D5-4660-B1C7-9E2DB0773A0C}.Release|Win32.ActiveCfg = Release|Win32
		{B23E25BB-78D5-4660-B1C7-9E2DB0773A0C}.Release|Win32.Build.0 = Release|Win32
	EndGlobalSection
	GlobalSection(SolutionProperties) = preSolution
		HideSolutionNode = FALSE
	EndGlobalSection
EndGlobal
