
Microsoft Visual Studio Solution File, Format Version 11.00
# Visual C++ Express 2010
Project("{8BC9CEB8-8B4A-11D0-8D11-00A0C91BC942}") = "task11", "task11\task11.vcxproj", "{B3E0AF74-FE8B-473E-AAA4-562B7F707B29}"
EndProject
Global
	GlobalSection(SolutionConfigurationPlatforms) = preSolution
		Debug|Win32 = Debug|Win32
		Release|Win32 = Release|Win32
	EndGlobalSection
	GlobalSection(ProjectConfigurationPlatforms) = postSolution
		{B3E0AF74-FE8B-473E-AAA4-562B7F707B29}.Debug|Win32.ActiveCfg = Debug|Win32
		{B3E0AF74-FE8B-473E-AAA4-562B7F707B29}.Debug|Win32.Build.0 = Debug|Win32
		{B3E0AF74-FE8B-473E-AAA4-562B7F707B29}.Release|Win32.ActiveCfg = Release|Win32
		{B3E0AF74-FE8B-473E-AAA4-562B7F707B29}.Release|Win32.Build.0 = Release|Win32
	EndGlobalSection
	GlobalSection(SolutionProperties) = preSolution
		HideSolutionNode = FALSE
	EndGlobalSection
EndGlobal
